
Microsoft Visual Studio Solution File, Format Version 12.00
# Visual Studio 15
VisualStudioVersion = 15.0.27428.2037
MinimumVisualStudioVersion = 10.0.40219.1
Project("{F184B08F-C81C-45F6-A57F-5ABD9991F28F}") = "PFM", "PFM\PFM.vbproj", "{CD3178DE-6050-445B-9196-78073817EF53}"
EndProject
Global
	GlobalSection(SolutionConfigurationPlatforms) = preSolution
		Debug|Any CPU = Debug|Any CPU
		Release|Any CPU = Release|Any CPU
	EndGlobalSection
	GlobalSection(ProjectConfigurationPlatforms) = postSolution
		{CD3178DE-6050-445B-9196-78073817EF53}.Debug|Any CPU.ActiveCfg = Debug|Any CPU
		{CD3178DE-6050-445B-9196-78073817EF53}.Debug|Any CPU.Build.0 = Debug|Any CPU
		{CD3178DE-6050-445B-9196-78073817EF53}.Release|Any CPU.ActiveCfg = Release|Any CPU
		{CD3178DE-6050-445B-9196-78073817EF53}.Release|Any CPU.Build.0 = Release|Any CPU
	EndGlobalSection
	GlobalSection(SolutionProperties) = preSolution
		HideSolutionNode = FALSE
	EndGlobalSection
	GlobalSection(ExtensibilityGlobals) = postSolution
		SolutionGuid = {8265E090-6213-460A-A522-6675D334C448}
	EndGlobalSection
EndGlobal
